
Microsoft Visual Studio Solution File, Format Version 12.00
# Visual Studio 15
VisualStudioVersion = 15.0.28307.106
MinimumVisualStudioVersion = 10.0.40219.1
Project("{FAE04EC0-301F-11D3-BF4B-00C04F79EFBC}") = "BookClone", "BookClone\BookClone.csproj", "{508C59F2-9841-4E30-A4BA-9C2E926C229C}"
EndProject
Global
	GlobalSection(SolutionConfigurationPlatforms) = preSolution
		Debug|Any CPU = Debug|Any CPU
		Release|Any CPU = Release|Any CPU
	EndGlobalSection
	GlobalSection(ProjectConfigurationPlatforms) = postSolution
		{508C59F2-9841-4E30-A4BA-9C2E926C229C}.Debug|Any CPU.ActiveCfg = Debug|Any CPU
		{508C59F2-9841-4E30-A4BA-9C2E926C229C}.Debug|Any CPU.Build.0 = Debug|Any CPU
		{508C59F2-9841-4E30-A4BA-9C2E926C229C}.Release|Any CPU.ActiveCfg = Release|Any CPU
		{508C59F2-9841-4E30-A4BA-9C2E926C229C}.Release|Any CPU.Build.0 = Release|Any CPU
	EndGlobalSection
	GlobalSection(SolutionProperties) = preSolution
		HideSolutionNode = FALSE
	EndGlobalSection
	GlobalSection(ExtensibilityGlobals) = postSolution
		SolutionGuid = {8C5D6D8F-3FC5-49A2-881E-D9672980547B}
	EndGlobalSection
EndGlobal
